{
    "_readme": [
        "This file locks the dependencies of your project to a known state",
        "Read more about it at https://getcomposer.org/doc/01-basic-usage.md#installing-dependencies",
        "This file is @generated automatically"
    ],
    "content-hash": "74d0217918df68b9ff8e1387d3d01f6c",
    "packages": [
        {
            "name": "lotcz/zavadil-php-common",
            "version": "3.0.0",
            "source": {
                "type": "git",
                "url": "https://github.com/lotcz/zavadil-php-common.git",
                "reference": "916575f32c1713a3d98efef28ded6b97894f0d58"
            },
            "dist": {
                "type": "zip",
                "url": "https://api.github.com/repos/lotcz/zavadil-php-common/zipball/916575f32c1713a3d98efef28ded6b97894f0d58",
                "reference": "916575f32c1713a3d98efef28ded6b97894f0d58",
                "shasum": ""
            },
            "require": {
                "ext-curl": "*",
                "ext-iconv": "*",
                "ext-json": "*",
                "ext-mbstring": "*",
                "php": "^8"
            },
            "require-dev": {
                "phpunit/phpunit": "^9.0"
            },
            "type": "library",
            "autoload": {
                "psr-4": {
                    "Zavadil\\Common\\": "src/"
                }
            },
            "notification-url": "https://packagist.org/downloads/",
            "license": [
                "MIT"
            ],
            "authors": [
                {
                    "name": "Karel Zavadil",
                    "email": "karel@zavadil.eu"
                }
            ],
            "description": "Common PHP utilities and helper functions",
            "support": {
                "issues": "https://github.com/lotcz/zavadil-php-common/issues",
                "source": "https://github.com/lotcz/zavadil-php-common/tree/3.0.0"
            },
            "time": "2026-06-13T13:27:18+00:00"
        }
    ],
    "packages-dev": [],
    "aliases": [],
    "minimum-stability": "stable",
    "stability-flags": {},
    "prefer-stable": false,
    "prefer-lowest": false,
    "platform": {
        "php": "^8.3"
    },
    "platform-dev": {},
    "plugin-api-version": "2.9.0"
}
